{
  "pins" : [
    {
      "identity" : "anycodable",
      "kind" : "remoteSourceControl",
      "location" : "https://github.com/Flight-School/AnyCodable",
      "state" : {
        "revision" : "862808b2070cd908cb04f9aafe7de83d35f81b05",
        "version" : "0.6.7"
      }
    },
    {
      "identity" : "swift-request",
      "kind" : "localSourceControl",
      "location" : "/Users/laszlokocsis/werk/projektek/lunar/paylike/swift/swift-request",
      "state" : {
        "branch" : "feature/refactor-to-async-await",
        "revision" : "2542a19c3fd19ecc0f0a590bc4378a8dfd4e8228"
      }
    },
    {
      "identity" : "swifter",
      "kind" : "remoteSourceControl",
      "location" : "git@github.com:httpswift/swifter.git",
      "state" : {
        "revision" : "9483a5d459b45c3ffd059f7b55f9638e268632fd",
        "version" : "1.5.0"
      }
    }
  ],
  "version" : 2
}
